
Microsoft Visual Studio Solution File, Format Version 12.00
# Visual Studio Version 16
VisualStudioVersion = 16.0.31515.178
MinimumVisualStudioVersion = 10.0.40219.1
Project("{FAE04EC0-301F-11D3-BF4B-00C04F79EFBC}") = "LibraryAssistant", "LibraryAssistant\LibraryAssistant.csproj", "{13335571-4E28-4FC6-BC74-E941AB0B29EA}"
EndProject
Global
	GlobalSection(SolutionConfigurationPlatforms) = preSolution
		Debug|Any CPU = Debug|Any CPU
		Release|Any CPU = Release|Any CPU
	EndGlobalSection
	GlobalSection(ProjectConfigurationPlatforms) = postSolution
		{13335571-4E28-4FC6-BC74-E941AB0B29EA}.Debug|Any CPU.ActiveCfg = Debug|Any CPU
		{13335571-4E28-4FC6-BC74-E941AB0B29EA}.Debug|Any CPU.Build.0 = Debug|Any CPU
		{13335571-4E28-4FC6-BC74-E941AB0B29EA}.Release|Any CPU.ActiveCfg = Release|Any CPU
		{13335571-4E28-4FC6-BC74-E941AB0B29EA}.Release|Any CPU.Build.0 = Release|Any CPU
	EndGlobalSection
	GlobalSection(SolutionProperties) = preSolution
		HideSolutionNode = FALSE
	EndGlobalSection
	GlobalSection(ExtensibilityGlobals) = postSolution
		SolutionGuid = {45532338-0CD5-416C-B64F-7D5D8F3670EC}
	EndGlobalSection
EndGlobal
